// !$*UTF8*$!
{
	archiveVersion = 1;
	classes = {
	};
	objectVersion = 46;
	objects = {

/* Begin PBXBuildFile section */
		1326D8AE193B1FC40039F27F /* MCSPhotoView.m in Sources */ = {isa = PBXBuildFile; fileRef = 1326D8AD193B1FC40039F27F /* MCSPhotoView.m */; };
		1341E94119253F8300AE9E26 /* UIKit.framework in Frameworks */ = {isa = PBXBuildFile; fileRef = 1341E94019253F8300AE9E26 /* UIKit.framework */; };
		1341E94319253F8300AE9E26 /* Foundation.framework in Frameworks */ = {isa = PBXBuildFile; fileRef = 1341E94219253F8300AE9E26 /* Foundation.framework */; };
		1341E94519253F8300AE9E26 /* CoreGraphics.framework in Frameworks */ = {isa = PBXBuildFile; fileRef = 1341E94419253F8300AE9E26 /* CoreGraphics.framework */; };
		1341E94719253F8300AE9E26 /* QuartzCore.framework in Frameworks */ = {isa = PBXBuildFile; fileRef = 1341E94619253F8300AE9E26 /* QuartzCore.framework */; };
		1341E94D19253F8300AE9E26 /* main.m in Sources */ = {isa = PBXBuildFile; fileRef = 1341E94C19253F8300AE9E26 /* main.m */; };
		1341E95119253F8300AE9E26 /* MCSAppDelegate.m in Sources */ = {isa = PBXBuildFile; fileRef = 1341E95019253F8300AE9E26 /* MCSAppDelegate.m */; };
		1341E95B19253FB000AE9E26 /* Images.xcassets in Resources */ = {isa = PBXBuildFile; fileRef = 1341E95A19253FB000AE9E26 /* Images.xcassets */; };
		1341E95D19253FE300AE9E26 /* Storyboard.storyboard in Resources */ = {isa = PBXBuildFile; fileRef = 1341E95C19253FE300AE9E26 /* Storyboard.storyboard */; };
		1351A0C01928E757007369FC /* MCSCameraViewController.m in Sources */ = {isa = PBXBuildFile; fileRef = 1351A0BF1928E757007369FC /* MCSCameraViewController.m */; };
		1351A0C81928E7A2007369FC /* MCSCameraView.m in Sources */ = {isa = PBXBuildFile; fileRef = 1351A0C71928E7A2007369FC /* MCSCameraView.m */; };
		1351A0CB1928EAF0007369FC /* MCSMainViewController.m in Sources */ = {isa = PBXBuildFile; fileRef = 1351A0CA1928EAF0007369FC /* MCSMainViewController.m */; };
		138260B0193B132E00349A0E /* MCSColorViewerView.m in Sources */ = {isa = PBXBuildFile; fileRef = 138260AF193B132E00349A0E /* MCSColorViewerView.m */; };
		138260B3193B1BDF00349A0E /* MCSHuePickerViewController.m in Sources */ = {isa = PBXBuildFile; fileRef = 138260B2193B1BDF00349A0E /* MCSHuePickerViewController.m */; };
		1386B7A919307FE000E9BFDE /* MCSColorType.m in Sources */ = {isa = PBXBuildFile; fileRef = 1386B7A619307FE000E9BFDE /* MCSColorType.m */; };
		1386B7AA19307FE000E9BFDE /* MCSModel.xcdatamodeld in Sources */ = {isa = PBXBuildFile; fileRef = 1386B7A719307FE000E9BFDE /* MCSModel.xcdatamodeld */; };
		1386B7B31930C46C00E9BFDE /* MCSColorTypeTableViewCell.m in Sources */ = {isa = PBXBuildFile; fileRef = 1386B7B21930C46C00E9BFDE /* MCSColorTypeTableViewCell.m */; };
		1386B7B71930C51600E9BFDE /* MCSColorType+Extension.m in Sources */ = {isa = PBXBuildFile; fileRef = 1386B7B61930C51600E9BFDE /* MCSColorType+Extension.m */; };
		1386B7BD1930C60700E9BFDE /* NSDate+MCSFormat.m in Sources */ = {isa = PBXBuildFile; fileRef = 1386B7BC1930C60700E9BFDE /* NSDate+MCSFormat.m */; };
		D3259A2AA3B84C8F8628DB79 /* libPods.a in Frameworks */ = {isa = PBXBuildFile; fileRef = 87A748325E8740E6AFD9B3BF /* libPods.a */; };
/* End PBXBuildFile section */

/* Begin PBXFileReference section */
		1326D8AC193B1FC40039F27F /* MCSPhotoView.h */ = {isa = PBXFileReference; fileEncoding = 4; lastKnownFileType = sourcecode.c.h; path = MCSPhotoView.h; sourceTree = "<group>"; };
		1326D8AD193B1FC40039F27F /* MCSPhotoView.m */ = {isa = PBXFileReference; fileEncoding = 4; lastKnownFileType = sourcecode.c.objc; path = MCSPhotoView.m; sourceTree = "<group>"; };
		1341E93D19253F8300AE9E26 /* MyColorSeason.app */ = {isa = PBXFileReference; explicitFileType = wrapper.application; includeInIndex = 0; path = MyColorSeason.app; sourceTree = BUILT_PRODUCTS_DIR; };
		1341E94019253F8300AE9E26 /* UIKit.framework */ = {isa = PBXFileReference; lastKnownFileType = wrapper.framework; name = UIKit.framework; path = System/Library/Frameworks/UIKit.framework; sourceTree = SDKROOT; };
		1341E94219253F8300AE9E26 /* Foundation.framework */ = {isa = PBXFileReference; lastKnownFileType = wrapper.framework; name = Foundation.framework; path = System/Library/Frameworks/Foundation.framework; sourceTree = SDKROOT; };
		1341E94419253F8300AE9E26 /* CoreGraphics.framework */ = {isa = PBXFileReference; lastKnownFileType = wrapper.framework; name = CoreGraphics.framework; path = System/Library/Frameworks/CoreGraphics.framework; sourceTree = SDKROOT; };
		1341E94619253F8300AE9E26 /* QuartzCore.framework */ = {isa = PBXFileReference; lastKnownFileType = wrapper.framework; name = QuartzCore.framework; path = System/Library/Frameworks/QuartzCore.framework; sourceTree = SDKROOT; };
		1341E94A19253F8300AE9E26 /* Info.plist */ = {isa = PBXFileReference; lastKnownFileType = text.plist.xml; path = Info.plist; sourceTree = "<group>"; };
		1341E94B19253F8300AE9E26 /* Prefix.pch */ = {isa = PBXFileReference; lastKnownFileType = sourcecode.c.h; path = Prefix.pch; sourceTree = "<group>"; };
		1341E94C19253F8300AE9E26 /* main.m */ = {isa = PBXFileReference; lastKnownFileType = sourcecode.c.objc; path = main.m; sourceTree = "<group>"; };
		1341E94F19253F8300AE9E26 /* MCSAppDelegate.h */ = {isa = PBXFileReference; lastKnownFileType = sourcecode.c.h; name = MCSAppDelegate.h; path = Classes/MCSAppDelegate.h; sourceTree = "<group>"; };
		1341E95019253F8300AE9E26 /* MCSAppDelegate.m */ = {isa = PBXFileReference; lastKnownFileType = sourcecode.c.objc; name = MCSAppDelegate.m; path = Classes/MCSAppDelegate.m; sourceTree = "<group>"; };
		1341E95A19253FB000AE9E26 /* Images.xcassets */ = {isa = PBXFileReference; lastKnownFileType = folder.assetcatalog; path = Images.xcassets; sourceTree = "<group>"; };
		1341E95C19253FE300AE9E26 /* Storyboard.storyboard */ = {isa = PBXFileReference; fileEncoding = 4; lastKnownFileType = file.storyboard; path = Storyboard.storyboard; sourceTree = "<group>"; };
		1351A0BE1928E757007369FC /* MCSCameraViewController.h */ = {isa = PBXFileReference; fileEncoding = 4; lastKnownFileType = sourcecode.c.h; path = MCSCameraViewController.h; sourceTree = "<group>"; };
		1351A0BF1928E757007369FC /* MCSCameraViewController.m */ = {isa = PBXFileReference; fileEncoding = 4; lastKnownFileType = sourcecode.c.objc; path = MCSCameraViewController.m; sourceTree = "<group>"; };
		1351A0C61928E7A2007369FC /* MCSCameraView.h */ = {isa = PBXFileReference; fileEncoding = 4; lastKnownFileType = sourcecode.c.h; path = MCSCameraView.h; sourceTree = "<group>"; };
		1351A0C71928E7A2007369FC /* MCSCameraView.m */ = {isa = PBXFileReference; fileEncoding = 4; lastKnownFileType = sourcecode.c.objc; path = MCSCameraView.m; sourceTree = "<group>"; };
		1351A0C91928EAF0007369FC /* MCSMainViewController.h */ = {isa = PBXFileReference; fileEncoding = 4; lastKnownFileType = sourcecode.c.h; path = MCSMainViewController.h; sourceTree = "<group>"; };
		1351A0CA1928EAF0007369FC /* MCSMainViewController.m */ = {isa = PBXFileReference; fileEncoding = 4; lastKnownFileType = sourcecode.c.objc; path = MCSMainViewController.m; sourceTree = "<group>"; };
		138260AE193B132E00349A0E /* MCSColorViewerView.h */ = {isa = PBXFileReference; fileEncoding = 4; lastKnownFileType = sourcecode.c.h; path = MCSColorViewerView.h; sourceTree = "<group>"; };
		138260AF193B132E00349A0E /* MCSColorViewerView.m */ = {isa = PBXFileReference; fileEncoding = 4; lastKnownFileType = sourcecode.c.objc; path = MCSColorViewerView.m; sourceTree = "<group>"; };
		138260B1193B1BDF00349A0E /* MCSHuePickerViewController.h */ = {isa = PBXFileReference; fileEncoding = 4; lastKnownFileType = sourcecode.c.h; path = MCSHuePickerViewController.h; sourceTree = "<group>"; };
		138260B2193B1BDF00349A0E /* MCSHuePickerViewController.m */ = {isa = PBXFileReference; fileEncoding = 4; lastKnownFileType = sourcecode.c.objc; path = MCSHuePickerViewController.m; sourceTree = "<group>"; };
		1386B7A519307FE000E9BFDE /* MCSColorType.h */ = {isa = PBXFileReference; fileEncoding = 4; lastKnownFileType = sourcecode.c.h; path = MCSColorType.h; sourceTree = "<group>"; };
		1386B7A619307FE000E9BFDE /* MCSColorType.m */ = {isa = PBXFileReference; fileEncoding = 4; lastKnownFileType = sourcecode.c.objc; path = MCSColorType.m; sourceTree = "<group>"; };
		1386B7A819307FE000E9BFDE /* MCSModel.xcdatamodel */ = {isa = PBXFileReference; lastKnownFileType = wrapper.xcdatamodel; path = MCSModel.xcdatamodel; sourceTree = "<group>"; };
		1386B7B11930C46C00E9BFDE /* MCSColorTypeTableViewCell.h */ = {isa = PBXFileReference; fileEncoding = 4; lastKnownFileType = sourcecode.c.h; path = MCSColorTypeTableViewCell.h; sourceTree = "<group>"; };
		1386B7B21930C46C00E9BFDE /* MCSColorTypeTableViewCell.m */ = {isa = PBXFileReference; fileEncoding = 4; lastKnownFileType = sourcecode.c.objc; path = MCSColorTypeTableViewCell.m; sourceTree = "<group>"; };
		1386B7B51930C51600E9BFDE /* MCSColorType+Extension.h */ = {isa = PBXFileReference; fileEncoding = 4; lastKnownFileType = sourcecode.c.h; path = "MCSColorType+Extension.h"; sourceTree = "<group>"; };
		1386B7B61930C51600E9BFDE /* MCSColorType+Extension.m */ = {isa = PBXFileReference; fileEncoding = 4; lastKnownFileType = sourcecode.c.objc; path = "MCSColorType+Extension.m"; sourceTree = "<group>"; };
		1386B7BB1930C60700E9BFDE /* NSDate+MCSFormat.h */ = {isa = PBXFileReference; fileEncoding = 4; lastKnownFileType = sourcecode.c.h; path = "NSDate+MCSFormat.h"; sourceTree = "<group>"; };
		1386B7BC1930C60700E9BFDE /* NSDate+MCSFormat.m */ = {isa = PBXFileReference; fileEncoding = 4; lastKnownFileType = sourcecode.c.objc; path = "NSDate+MCSFormat.m"; sourceTree = "<group>"; };
		80554BB01054465B82933F9F /* Pods.xcconfig */ = {isa = PBXFileReference; includeInIndex = 1; lastKnownFileType = text.xcconfig; name = Pods.xcconfig; path = Pods/Pods.xcconfig; sourceTree = "<group>"; };
		87A748325E8740E6AFD9B3BF /* libPods.a */ = {isa = PBXFileReference; explicitFileType = archive.ar; includeInIndex = 0; path = libPods.a; sourceTree = BUILT_PRODUCTS_DIR; };
/* End PBXFileReference section */

/* Begin PBXFrameworksBuildPhase section */
		1341E93A19253F8300AE9E26 /* Frameworks */ = {
			isa = PBXFrameworksBuildPhase;
			buildActionMask = 2147483647;
			files = (
				1341E94719253F8300AE9E26 /* QuartzCore.framework in Frameworks */,
				1341E94519253F8300AE9E26 /* CoreGraphics.framework in Frameworks */,
				1341E94119253F8300AE9E26 /* UIKit.framework in Frameworks */,
				1341E94319253F8300AE9E26 /* Foundation.framework in Frameworks */,
				D3259A2AA3B84C8F8628DB79 /* libPods.a in Frameworks */,
			);
			runOnlyForDeploymentPostprocessing = 0;
		};
/* End PBXFrameworksBuildPhase section */

/* Begin PBXGroup section */
		1341E93419253F8200AE9E26 = {
			isa = PBXGroup;
			children = (
				1341E94819253F8300AE9E26 /* MyColorSeason */,
				1341E93F19253F8300AE9E26 /* Frameworks */,
				1341E93E19253F8300AE9E26 /* Products */,
				80554BB01054465B82933F9F /* Pods.xcconfig */,
			);
			sourceTree = "<group>";
		};
		1341E93E19253F8300AE9E26 /* Products */ = {
			isa = PBXGroup;
			children = (
				1341E93D19253F8300AE9E26 /* MyColorSeason.app */,
			);
			name = Products;
			sourceTree = "<group>";
		};
		1341E93F19253F8300AE9E26 /* Frameworks */ = {
			isa = PBXGroup;
			children = (
				1341E94019253F8300AE9E26 /* UIKit.framework */,
				1341E94219253F8300AE9E26 /* Foundation.framework */,
				1341E94419253F8300AE9E26 /* CoreGraphics.framework */,
				1341E94619253F8300AE9E26 /* QuartzCore.framework */,
				87A748325E8740E6AFD9B3BF /* libPods.a */,
			);
			name = Frameworks;
			sourceTree = "<group>";
		};
		1341E94819253F8300AE9E26 /* MyColorSeason */ = {
			isa = PBXGroup;
			children = (
				1341E94E19253F8300AE9E26 /* Classes */,
				1341E95A19253FB000AE9E26 /* Images.xcassets */,
				1341E94919253F8300AE9E26 /* Supporting Files */,
			);
			path = MyColorSeason;
			sourceTree = "<group>";
		};
		1341E94919253F8300AE9E26 /* Supporting Files */ = {
			isa = PBXGroup;
			children = (
				1341E94A19253F8300AE9E26 /* Info.plist */,
				1341E94B19253F8300AE9E26 /* Prefix.pch */,
				1341E94C19253F8300AE9E26 /* main.m */,
				1341E95C19253FE300AE9E26 /* Storyboard.storyboard */,
			);
			name = "Supporting Files";
			sourceTree = "<group>";
		};
		1341E94E19253F8300AE9E26 /* Classes */ = {
			isa = PBXGroup;
			children = (
				1386B7BA1930C5E600E9BFDE /* Cocoa+Category */,
				1351A0C51928E792007369FC /* Views */,
				1351A0BD1928E757007369FC /* Controllers */,
				1341E95E1925410D00AE9E26 /* Model */,
				1341E94F19253F8300AE9E26 /* MCSAppDelegate.h */,
				1341E95019253F8300AE9E26 /* MCSAppDelegate.m */,
			);
			name = Classes;
			sourceTree = "<group>";
		};
		1341E95E1925410D00AE9E26 /* Model */ = {
			isa = PBXGroup;
			children = (
				1386B7A419307FE000E9BFDE /* CoreDataModel */,
				1386B7B41930C50500E9BFDE /* CoreDataModel+Extension */,
			);
			name = Model;
			path = Classes/Model;
			sourceTree = "<group>";
		};
		1351A0BD1928E757007369FC /* Controllers */ = {
			isa = PBXGroup;
			children = (
				1351A0BE1928E757007369FC /* MCSCameraViewController.h */,
				1351A0BF1928E757007369FC /* MCSCameraViewController.m */,
				1351A0C91928EAF0007369FC /* MCSMainViewController.h */,
				1351A0CA1928EAF0007369FC /* MCSMainViewController.m */,
				138260B1193B1BDF00349A0E /* MCSHuePickerViewController.h */,
				138260B2193B1BDF00349A0E /* MCSHuePickerViewController.m */,
			);
			name = Controllers;
			path = Classes/Controllers;
			sourceTree = "<group>";
		};
		1351A0C51928E792007369FC /* Views */ = {
			isa = PBXGroup;
			children = (
				1351A0C61928E7A2007369FC /* MCSCameraView.h */,
				1351A0C71928E7A2007369FC /* MCSCameraView.m */,
				1386B7B11930C46C00E9BFDE /* MCSColorTypeTableViewCell.h */,
				1386B7B21930C46C00E9BFDE /* MCSColorTypeTableViewCell.m */,
				138260AE193B132E00349A0E /* MCSColorViewerView.h */,
				138260AF193B132E00349A0E /* MCSColorViewerView.m */,
				1326D8AC193B1FC40039F27F /* MCSPhotoView.h */,
				1326D8AD193B1FC40039F27F /* MCSPhotoView.m */,
			);
			name = Views;
			path = Classes/Views;
			sourceTree = "<group>";
		};
		1386B7A419307FE000E9BFDE /* CoreDataModel */ = {
			isa = PBXGroup;
			children = (
				1386B7A519307FE000E9BFDE /* MCSColorType.h */,
				1386B7A619307FE000E9BFDE /* MCSColorType.m */,
				1386B7A719307FE000E9BFDE /* MCSModel.xcdatamodeld */,
			);
			path = CoreDataModel;
			sourceTree = "<group>";
		};
		1386B7B41930C50500E9BFDE /* CoreDataModel+Extension */ = {
			isa = PBXGroup;
			children = (
				1386B7B51930C51600E9BFDE /* MCSColorType+Extension.h */,
				1386B7B61930C51600E9BFDE /* MCSColorType+Extension.m */,
			);
			path = "CoreDataModel+Extension";
			sourceTree = "<group>";
		};
		1386B7BA1930C5E600E9BFDE /* Cocoa+Category */ = {
			isa = PBXGroup;
			children = (
				1386B7BB1930C60700E9BFDE /* NSDate+MCSFormat.h */,
				1386B7BC1930C60700E9BFDE /* NSDate+MCSFormat.m */,
			);
			name = "Cocoa+Category";
			path = "Classes/Cocoa+Category";
			sourceTree = "<group>";
		};
/* End PBXGroup section */

/* Begin PBXNativeTarget section */
		1341E93C19253F8300AE9E26 /* MyColorSeason */ = {
			isa = PBXNativeTarget;
			buildConfigurationList = 1341E95719253F8300AE9E26 /* Build configuration list for PBXNativeTarget "MyColorSeason" */;
			buildPhases = (
				543E9E009C9544B7B3F128B3 /* Check Pods Manifest.lock */,
				1341E93919253F8300AE9E26 /* Sources */,
				1341E93A19253F8300AE9E26 /* Frameworks */,
				1341E93B19253F8300AE9E26 /* Resources */,
				77CDFCB702424CB6A4777118 /* Copy Pods Resources */,
			);
			buildRules = (
			);
			dependencies = (
			);
			name = MyColorSeason;
			productName = MyColorSeason;
			productReference = 1341E93D19253F8300AE9E26 /* MyColorSeason.app */;
			productType = "com.apple.product-type.application";
		};
/* End PBXNativeTarget section */

/* Begin PBXProject section */
		1341E93519253F8200AE9E26 /* Project object */ = {
			isa = PBXProject;
			attributes = {
				CLASSPREFIX = MCS;
				LastUpgradeCheck = 0510;
				ORGANIZATIONNAME = "Alexey MInaev";
			};
			buildConfigurationList = 1341E93819253F8300AE9E26 /* Build configuration list for PBXProject "MyColorSeason" */;
			compatibilityVersion = "Xcode 3.2";
			developmentRegion = English;
			hasScannedForEncodings = 0;
			knownRegions = (
				en,
			);
			mainGroup = 1341E93419253F8200AE9E26;
			productRefGroup = 1341E93E19253F8300AE9E26 /* Products */;
			projectDirPath = "";
			projectRoot = "";
			targets = (
				1341E93C19253F8300AE9E26 /* MyColorSeason */,
			);
		};
/* End PBXProject section */

/* Begin PBXResourcesBuildPhase section */
		1341E93B19253F8300AE9E26 /* Resources */ = {
			isa = PBXResourcesBuildPhase;
			buildActionMask = 2147483647;
			files = (
				1341E95B19253FB000AE9E26 /* Images.xcassets in Resources */,
				1341E95D19253FE300AE9E26 /* Storyboard.storyboard in Resources */,
			);
			runOnlyForDeploymentPostprocessing = 0;
		};
/* End PBXResourcesBuildPhase section */

/* Begin PBXShellScriptBuildPhase section */
		543E9E009C9544B7B3F128B3 /* Check Pods Manifest.lock */ = {
			isa = PBXShellScriptBuildPhase;
			buildActionMask = 2147483647;
			files = (
			);
			inputPaths = (
			);
			name = "Check Pods Manifest.lock";
			outputPaths = (
			);
			runOnlyForDeploymentPostprocessing = 0;
			shellPath = /bin/sh;
			shellScript = "diff \"${PODS_ROOT}/../Podfile.lock\" \"${PODS_ROOT}/Manifest.lock\" > /dev/null\nif [[ $? != 0 ]] ; then\n    cat << EOM\nerror: The sandbox is not in sync with the Podfile.lock. Run 'pod install' or update your CocoaPods installation.\nEOM\n    exit 1\nfi\n";
			showEnvVarsInLog = 0;
		};
		77CDFCB702424CB6A4777118 /* Copy Pods Resources */ = {
			isa = PBXShellScriptBuildPhase;
			buildActionMask = 2147483647;
			files = (
			);
			inputPaths = (
			);
			name = "Copy Pods Resources";
			outputPaths = (
			);
			runOnlyForDeploymentPostprocessing = 0;
			shellPath = /bin/sh;
			shellScript = "\"${SRCROOT}/Pods/Pods-resources.sh\"\n";
			showEnvVarsInLog = 0;
		};
/* End PBXShellScriptBuildPhase section */

/* Begin PBXSourcesBuildPhase section */
		1341E93919253F8300AE9E26 /* Sources */ = {
			isa = PBXSourcesBuildPhase;
			buildActionMask = 2147483647;
			files = (
				1351A0C81928E7A2007369FC /* MCSCameraView.m in Sources */,
				1351A0CB1928EAF0007369FC /* MCSMainViewController.m in Sources */,
				1386B7AA19307FE000E9BFDE /* MCSModel.xcdatamodeld in Sources */,
				138260B0193B132E00349A0E /* MCSColorViewerView.m in Sources */,
				1341E95119253F8300AE9E26 /* MCSAppDelegate.m in Sources */,
				1326D8AE193B1FC40039F27F /* MCSPhotoView.m in Sources */,
				138260B3193B1BDF00349A0E /* MCSHuePickerViewController.m in Sources */,
				1351A0C01928E757007369FC /* MCSCameraViewController.m in Sources */,
				1386B7B31930C46C00E9BFDE /* MCSColorTypeTableViewCell.m in Sources */,
				1386B7B71930C51600E9BFDE /* MCSColorType+Extension.m in Sources */,
				1386B7A919307FE000E9BFDE /* MCSColorType.m in Sources */,
				1341E94D19253F8300AE9E26 /* main.m in Sources */,
				1386B7BD1930C60700E9BFDE /* NSDate+MCSFormat.m in Sources */,
			);
			runOnlyForDeploymentPostprocessing = 0;
		};
/* End PBXSourcesBuildPhase section */

/* Begin XCBuildConfiguration section */
		1341E95519253F8300AE9E26 /* Debug */ = {
			isa = XCBuildConfiguration;
			buildSettings = {
				CLANG_ENABLE_MODULES = YES;
				CLANG_ENABLE_OBJC_ARC = YES;
				"CODE_SIGN_IDENTITY[sdk=iphoneos*]" = "iPhone Developer";
				GCC_OPTIMIZATION_LEVEL = 0;
				GCC_PREPROCESSOR_DEFINITIONS = DEBUG;
				GCC_SYMBOLS_PRIVATE_EXTERN = NO;
				GCC_WARN_ABOUT_RETURN_TYPE = YES;
				GCC_WARN_UNUSED_VARIABLE = YES;
				IPHONEOS_DEPLOYMENT_TARGET = 7.1;
				SDKROOT = iphoneos;
			};
			name = Debug;
		};
		1341E95619253F8300AE9E26 /* Release */ = {
			isa = XCBuildConfiguration;
			buildSettings = {
				CLANG_ENABLE_MODULES = YES;
				CLANG_ENABLE_OBJC_ARC = YES;
				"CODE_SIGN_IDENTITY[sdk=iphoneos*]" = "iPhone Developer";
				GCC_WARN_ABOUT_RETURN_TYPE = YES;
				GCC_WARN_UNUSED_VARIABLE = YES;
				IPHONEOS_DEPLOYMENT_TARGET = 7.1;
				OTHER_CFLAGS = "-DNS_BLOCK_ASSERTIONS=1";
				SDKROOT = iphoneos;
			};
			name = Release;
		};
		1341E95819253F8300AE9E26 /* Debug */ = {
			isa = XCBuildConfiguration;
			baseConfigurationReference = 80554BB01054465B82933F9F /* Pods.xcconfig */;
			buildSettings = {
				ALWAYS_SEARCH_USER_PATHS = NO;
				ASSETCATALOG_COMPILER_APPICON_NAME = AppIcon;
				ASSETCATALOG_COMPILER_LAUNCHIMAGE_NAME = LaunchImage;
				COPY_PHASE_STRIP = NO;
				GCC_DYNAMIC_NO_PIC = NO;
				GCC_PRECOMPILE_PREFIX_HEADER = YES;
				GCC_PREFIX_HEADER = MyColorSeason/Prefix.pch;
				INFOPLIST_FILE = MyColorSeason/Info.plist;
				IPHONEOS_DEPLOYMENT_TARGET = 6.0;
				ONLY_ACTIVE_ARCH = YES;
				OTHER_LDFLAGS = "$(inherited)";
				PRODUCT_NAME = "$(TARGET_NAME)";
				TARGETED_DEVICE_FAMILY = "1,2";
				USER_HEADER_SEARCH_PATHS = "$(BUILT_PRODUCTS_DIR)/usr/local/include";
				WRAPPER_EXTENSION = app;
			};
			name = Debug;
		};
		1341E95919253F8300AE9E26 /* Release */ = {
			isa = XCBuildConfiguration;
			baseConfigurationReference = 80554BB01054465B82933F9F /* Pods.xcconfig */;
			buildSettings = {
				ALWAYS_SEARCH_USER_PATHS = NO;
				ASSETCATALOG_COMPILER_APPICON_NAME = AppIcon;
				ASSETCATALOG_COMPILER_LAUNCHIMAGE_NAME = LaunchImage;
				COPY_PHASE_STRIP = YES;
				GCC_PRECOMPILE_PREFIX_HEADER = YES;
				GCC_PREFIX_HEADER = MyColorSeason/Prefix.pch;
				INFOPLIST_FILE = MyColorSeason/Info.plist;
				IPHONEOS_DEPLOYMENT_TARGET = 6.0;
				ONLY_ACTIVE_ARCH = YES;
				OTHER_LDFLAGS = "$(inherited)";
				PRODUCT_NAME = "$(TARGET_NAME)";
				TARGETED_DEVICE_FAMILY = "1,2";
				USER_HEADER_SEARCH_PATHS = "$(BUILT_PRODUCTS_DIR)/usr/local/include";
				VALIDATE_PRODUCT = YES;
				WRAPPER_EXTENSION = app;
			};
			name = Release;
		};
/* End XCBuildConfiguration section */

/* Begin XCConfigurationList section */
		1341E93819253F8300AE9E26 /* Build configuration list for PBXProject "MyColorSeason" */ = {
			isa = XCConfigurationList;
			buildConfigurations = (
				1341E95519253F8300AE9E26 /* Debug */,
				1341E95619253F8300AE9E26 /* Release */,
			);
			defaultConfigurationIsVisible = 0;
			defaultConfigurationName = Release;
		};
		1341E95719253F8300AE9E26 /* Build configuration list for PBXNativeTarget "MyColorSeason" */ = {
			isa = XCConfigurationList;
			buildConfigurations = (
				1341E95819253F8300AE9E26 /* Debug */,
				1341E95919253F8300AE9E26 /* Release */,
			);
			defaultConfigurationIsVisible = 0;
			defaultConfigurationName = Release;
		};
/* End XCConfigurationList section */

/* Begin XCVersionGroup section */
		1386B7A719307FE000E9BFDE /* MCSModel.xcdatamodeld */ = {
			isa = XCVersionGroup;
			children = (
				1386B7A819307FE000E9BFDE /* MCSModel.xcdatamodel */,
			);
			currentVersion = 1386B7A819307FE000E9BFDE /* MCSModel.xcdatamodel */;
			path = MCSModel.xcdatamodeld;
			sourceTree = "<group>";
			versionGroupType = wrapper.xcdatamodel;
		};
/* End XCVersionGroup section */
	};
	rootObject = 1341E93519253F8200AE9E26 /* Project object */;
}
